{
  "version": 4,
  "terraform_version": "1.0.7",
  "serial": 35,
  "lineage": "ddf73230-d4ae-8711-4692-ae065805ccc5",
  "outputs": {
    "external_ip_address_master-1": {
      "value": "62.84.116.212",
      "type": "string"
    },
    "external_ip_address_node-1": {
      "value": "178.154.227.73",
      "type": "string"
    },
    "external_ip_address_node-2": {
      "value": "178.154.222.149",
      "type": "string"
    },
    "internal_ip_address_master-1": {
      "value": "192.168.6.31",
      "type": "string"
    },
    "internal_ip_address_node-1": {
      "value": "192.168.6.20",
      "type": "string"
    },
    "internal_ip_address_node-2": {
      "value": "192.168.6.8",
      "type": "string"
    }
  },
  "resources": [
    {
      "mode": "managed",
      "type": "yandex_compute_instance",
      "name": "master-1",
      "provider": "provider[\"registry.terraform.io/yandex-cloud/yandex\"]",
      "instances": [
        {
          "schema_version": 1,
          "attributes": {
            "allow_stopping_for_update": null,
            "boot_disk": [
              {
                "auto_delete": true,
                "device_name": "fhmupbj0g43a2t0bma2j",
                "disk_id": "fhmupbj0g43a2t0bma2j",
                "initialize_params": [
                  {
                    "description": "",
                    "image_id": "fd81hgrcv6lsnkremf32",
                    "name": "",
                    "size": 20,
                    "snapshot_id": "",
                    "type": "network-hdd"
                  }
                ],
                "mode": "READ_WRITE"
              }
            ],
            "created_at": "2021-10-12T16:54:50Z",
            "description": "",
            "folder_id": "b1geekio2clqmqj8jppb",
            "fqdn": "master-1.ru-central1.internal",
            "hostname": "master-1",
            "id": "fhmsq726csloal7fdj0m",
            "labels": null,
            "metadata": {
              "user-data": "#cloud-config\nusers:\n  - name: sos\n    groups: sudo\n    shell: /bin/bash\n    sudo: ['ALL=(ALL) NOPASSWD:ALL']\n    ssh-authorized-keys:\n      - ssh-rsa AAAAB3NzaC1yc2EAAAADAQABAAABAQDGccXY9lwZKmE/5xyI7qAbSBF1QhugPnbx3X6yQXfBAbFHPb9hQxdELRPDy8Bto4IzlBfD58sIQRq+iEc4G+o+TedwIKTDy+Kq9zPKGP9K3xE7pL8k7PGtx5Q/q/Z4CYUb+Pj47W8d+ZyfXNWgq3uudGjTUHDDw2s3yvaTZEIshDJLWmUS2E1jiuoXCOxwE7W5p9RR7JjaK3vopdra6lIoG3v/JMQCZP0eY7JH4uhni8XeWkrM2D+ur5v12LoCqlPlFgI0bIKFlU4y3hOERtDTy4z+pN163zqKquVcF+VGA7AuY7nbbL5r1dgrStP8S7FNXbYb80U7UDUNBY+Hk1nx sos@sos-VB\n"
            },
            "name": "master-1",
            "network_acceleration_type": "standard",
            "network_interface": [
              {
                "dns_record": [],
                "index": 0,
                "ip_address": "192.168.6.31",
                "ipv4": true,
                "ipv6": false,
                "ipv6_address": "",
                "ipv6_dns_record": [],
                "mac_address": "d0:0d:1c:d1:c4:66",
                "nat": true,
                "nat_dns_record": [],
                "nat_ip_address": "62.84.116.212",
                "nat_ip_version": "IPV4",
                "security_group_ids": [],
                "subnet_id": "e9buvbp9ldqhj7sp4d3l"
              }
            ],
            "placement_policy": [
              {
                "placement_group_id": ""
              }
            ],
            "platform_id": "standard-v1",
            "resources": [
              {
                "core_fraction": 20,
                "cores": 2,
                "gpus": 0,
                "memory": 4
              }
            ],
            "scheduling_policy": [
              {
                "preemptible": false
              }
            ],
            "secondary_disk": [],
            "service_account_id": "",
            "status": "running",
            "timeouts": null,
            "zone": "ru-central1-a"
          },
          "sensitive_attributes": [],
          "private": "eyJlMmJmYjczMC1lY2FhLTExZTYtOGY4OC0zNDM2M2JjN2M0YzAiOnsiY3JlYXRlIjozMDAwMDAwMDAwMDAsImRlbGV0ZSI6MzAwMDAwMDAwMDAwLCJ1cGRhdGUiOjMwMDAwMDAwMDAwMH0sInNjaGVtYV92ZXJzaW9uIjoiMSJ9",
          "dependencies": [
            "yandex_vpc_network.vpc-B7",
            "yandex_vpc_subnet.sn-B7"
          ]
        }
      ]
    },
    {
      "mode": "managed",
      "type": "yandex_compute_instance",
      "name": "node-1",
      "provider": "provider[\"registry.terraform.io/yandex-cloud/yandex\"]",
      "instances": [
        {
          "schema_version": 1,
          "attributes": {
            "allow_stopping_for_update": null,
            "boot_disk": [
              {
                "auto_delete": true,
                "device_name": "fhmrpc61u47d6als6ecs",
                "disk_id": "fhmrpc61u47d6als6ecs",
                "initialize_params": [
                  {
                    "description": "",
                    "image_id": "fd81hgrcv6lsnkremf32",
                    "name": "",
                    "size": 20,
                    "snapshot_id": "",
                    "type": "network-hdd"
                  }
                ],
                "mode": "READ_WRITE"
              }
            ],
            "created_at": "2021-10-12T16:54:50Z",
            "description": "",
            "folder_id": "b1geekio2clqmqj8jppb",
            "fqdn": "node-1.ru-central1.internal",
            "hostname": "node-1",
            "id": "fhm8k8iek95d370lnnil",
            "labels": null,
            "metadata": {
              "user-data": "#cloud-config\nusers:\n  - name: sos\n    groups: sudo\n    shell: /bin/bash\n    sudo: ['ALL=(ALL) NOPASSWD:ALL']\n    ssh-authorized-keys:\n      - ssh-rsa AAAAB3NzaC1yc2EAAAADAQABAAABAQDGccXY9lwZKmE/5xyI7qAbSBF1QhugPnbx3X6yQXfBAbFHPb9hQxdELRPDy8Bto4IzlBfD58sIQRq+iEc4G+o+TedwIKTDy+Kq9zPKGP9K3xE7pL8k7PGtx5Q/q/Z4CYUb+Pj47W8d+ZyfXNWgq3uudGjTUHDDw2s3yvaTZEIshDJLWmUS2E1jiuoXCOxwE7W5p9RR7JjaK3vopdra6lIoG3v/JMQCZP0eY7JH4uhni8XeWkrM2D+ur5v12LoCqlPlFgI0bIKFlU4y3hOERtDTy4z+pN163zqKquVcF+VGA7AuY7nbbL5r1dgrStP8S7FNXbYb80U7UDUNBY+Hk1nx sos@sos-VB\n"
            },
            "name": "node-1",
            "network_acceleration_type": "standard",
            "network_interface": [
              {
                "dns_record": [],
                "index": 0,
                "ip_address": "192.168.6.20",
                "ipv4": true,
                "ipv6": false,
                "ipv6_address": "",
                "ipv6_dns_record": [],
                "mac_address": "d0:0d:8a:22:4e:a2",
                "nat": true,
                "nat_dns_record": [],
                "nat_ip_address": "178.154.227.73",
                "nat_ip_version": "IPV4",
                "security_group_ids": [],
                "subnet_id": "e9buvbp9ldqhj7sp4d3l"
              }
            ],
            "placement_policy": [
              {
                "placement_group_id": ""
              }
            ],
            "platform_id": "standard-v1",
            "resources": [
              {
                "core_fraction": 20,
                "cores": 2,
                "gpus": 0,
                "memory": 2
              }
            ],
            "scheduling_policy": [
              {
                "preemptible": false
              }
            ],
            "secondary_disk": [],
            "service_account_id": "",
            "status": "running",
            "timeouts": null,
            "zone": "ru-central1-a"
          },
          "sensitive_attributes": [],
          "private": "eyJlMmJmYjczMC1lY2FhLTExZTYtOGY4OC0zNDM2M2JjN2M0YzAiOnsiY3JlYXRlIjozMDAwMDAwMDAwMDAsImRlbGV0ZSI6MzAwMDAwMDAwMDAwLCJ1cGRhdGUiOjMwMDAwMDAwMDAwMH0sInNjaGVtYV92ZXJzaW9uIjoiMSJ9",
          "dependencies": [
            "yandex_vpc_network.vpc-B7",
            "yandex_vpc_subnet.sn-B7"
          ]
        }
      ]
    },
    {
      "mode": "managed",
      "type": "yandex_compute_instance",
      "name": "node-2",
      "provider": "provider[\"registry.terraform.io/yandex-cloud/yandex\"]",
      "instances": [
        {
          "schema_version": 1,
          "attributes": {
            "allow_stopping_for_update": null,
            "boot_disk": [
              {
                "auto_delete": true,
                "device_name": "fhmd3ro5tm9f98d17rtd",
                "disk_id": "fhmd3ro5tm9f98d17rtd",
                "initialize_params": [
                  {
                    "description": "",
                    "image_id": "fd81hgrcv6lsnkremf32",
                    "name": "",
                    "size": 20,
                    "snapshot_id": "",
                    "type": "network-hdd"
                  }
                ],
                "mode": "READ_WRITE"
              }
            ],
            "created_at": "2021-10-12T16:54:50Z",
            "description": "",
            "folder_id": "b1geekio2clqmqj8jppb",
            "fqdn": "node-2.ru-central1.internal",
            "hostname": "node-2",
            "id": "fhm15acqcbtie4ha0qon",
            "labels": null,
            "metadata": {
              "user-data": "#cloud-config\nusers:\n  - name: sos\n    groups: sudo\n    shell: /bin/bash\n    sudo: ['ALL=(ALL) NOPASSWD:ALL']\n    ssh-authorized-keys:\n      - ssh-rsa AAAAB3NzaC1yc2EAAAADAQABAAABAQDGccXY9lwZKmE/5xyI7qAbSBF1QhugPnbx3X6yQXfBAbFHPb9hQxdELRPDy8Bto4IzlBfD58sIQRq+iEc4G+o+TedwIKTDy+Kq9zPKGP9K3xE7pL8k7PGtx5Q/q/Z4CYUb+Pj47W8d+ZyfXNWgq3uudGjTUHDDw2s3yvaTZEIshDJLWmUS2E1jiuoXCOxwE7W5p9RR7JjaK3vopdra6lIoG3v/JMQCZP0eY7JH4uhni8XeWkrM2D+ur5v12LoCqlPlFgI0bIKFlU4y3hOERtDTy4z+pN163zqKquVcF+VGA7AuY7nbbL5r1dgrStP8S7FNXbYb80U7UDUNBY+Hk1nx sos@sos-VB\n"
            },
            "name": "node-2",
            "network_acceleration_type": "standard",
            "network_interface": [
              {
                "dns_record": [],
                "index": 0,
                "ip_address": "192.168.6.8",
                "ipv4": true,
                "ipv6": false,
                "ipv6_address": "",
                "ipv6_dns_record": [],
                "mac_address": "d0:0d:12:a9:9a:62",
                "nat": true,
                "nat_dns_record": [],
                "nat_ip_address": "178.154.222.149",
                "nat_ip_version": "IPV4",
                "security_group_ids": [],
                "subnet_id": "e9buvbp9ldqhj7sp4d3l"
              }
            ],
            "placement_policy": [
              {
                "placement_group_id": ""
              }
            ],
            "platform_id": "standard-v1",
            "resources": [
              {
                "core_fraction": 20,
                "cores": 2,
                "gpus": 0,
                "memory": 2
              }
            ],
            "scheduling_policy": [
              {
                "preemptible": false
              }
            ],
            "secondary_disk": [],
            "service_account_id": "",
            "status": "running",
            "timeouts": null,
            "zone": "ru-central1-a"
          },
          "sensitive_attributes": [],
          "private": "eyJlMmJmYjczMC1lY2FhLTExZTYtOGY4OC0zNDM2M2JjN2M0YzAiOnsiY3JlYXRlIjozMDAwMDAwMDAwMDAsImRlbGV0ZSI6MzAwMDAwMDAwMDAwLCJ1cGRhdGUiOjMwMDAwMDAwMDAwMH0sInNjaGVtYV92ZXJzaW9uIjoiMSJ9",
          "dependencies": [
            "yandex_vpc_network.vpc-B7",
            "yandex_vpc_subnet.sn-B7"
          ]
        }
      ]
    },
    {
      "mode": "managed",
      "type": "yandex_vpc_network",
      "name": "vpc-B7",
      "provider": "provider[\"registry.terraform.io/yandex-cloud/yandex\"]",
      "instances": [
        {
          "schema_version": 0,
          "attributes": {
            "created_at": "2021-10-12T16:54:48Z",
            "default_security_group_id": "",
            "description": "",
            "folder_id": "b1geekio2clqmqj8jppb",
            "id": "enpo437hgoks244c1ipp",
            "labels": null,
            "name": "net-for-B7",
            "subnet_ids": [],
            "timeouts": null
          },
          "sensitive_attributes": [],
          "private": "eyJlMmJmYjczMC1lY2FhLTExZTYtOGY4OC0zNDM2M2JjN2M0YzAiOnsiY3JlYXRlIjo2MDAwMDAwMDAwMCwiZGVsZXRlIjo2MDAwMDAwMDAwMCwidXBkYXRlIjo2MDAwMDAwMDAwMH19"
        }
      ]
    },
    {
      "mode": "managed",
      "type": "yandex_vpc_subnet",
      "name": "sn-B7",
      "provider": "provider[\"registry.terraform.io/yandex-cloud/yandex\"]",
      "instances": [
        {
          "schema_version": 0,
          "attributes": {
            "created_at": "2021-10-12T16:54:48Z",
            "description": "",
            "dhcp_options": [],
            "folder_id": "b1geekio2clqmqj8jppb",
            "id": "e9buvbp9ldqhj7sp4d3l",
            "labels": null,
            "name": "subnet-for-B7",
            "network_id": "enpo437hgoks244c1ipp",
            "route_table_id": "",
            "timeouts": null,
            "v4_cidr_blocks": [
              "192.168.6.0/24"
            ],
            "v6_cidr_blocks": [],
            "zone": "ru-central1-a"
          },
          "sensitive_attributes": [],
          "private": "eyJlMmJmYjczMC1lY2FhLTExZTYtOGY4OC0zNDM2M2JjN2M0YzAiOnsiY3JlYXRlIjoxODAwMDAwMDAwMDAsImRlbGV0ZSI6MTgwMDAwMDAwMDAwLCJ1cGRhdGUiOjE4MDAwMDAwMDAwMH19",
          "dependencies": [
            "yandex_vpc_network.vpc-B7"
          ]
        }
      ]
    }
  ]
}
